{
  "version": 4,
  "terraform_version": "1.5.0",
  "serial": 66,
  "lineage": "9c3f5f84-fea7-6eaf-0b4a-d22d02cf8fad",
  "outputs": {},
  "resources": [
    {
      "mode": "managed",
      "type": "aws_cloudwatch_log_group",
      "name": "quiz_engine_log_group",
      "provider": "provider[\"registry.terraform.io/hashicorp/aws\"]",
      "instances": [
        {
          "schema_version": 0,
          "attributes": {
            "arn": "arn:aws:logs:us-east-2:706535466215:log-group:/aws/lambda/quiz-engine-lf",
            "id": "/aws/lambda/quiz-engine-lf",
            "kms_key_id": "",
            "name": "/aws/lambda/quiz-engine-lf",
            "name_prefix": "",
            "retention_in_days": 0,
            "skip_destroy": false,
            "tags": {},
            "tags_all": {}
          },
          "sensitive_attributes": [],
          "private": "bnVsbA==",
          "dependencies": [
            "aws_iam_role.quiz_engine_lf_role",
            "aws_lambda_function.quiz_engine_lf",
            "aws_lambda_layer_version.python_deps_layer"
          ]
        }
      ]
    },
    {
      "mode": "managed",
      "type": "aws_iam_policy",
      "name": "lambda_dynamodb_policy",
      "provider": "provider[\"registry.terraform.io/hashicorp/aws\"]",
      "instances": [
        {
          "schema_version": 0,
          "attributes": {
            "arn": "arn:aws:iam::706535466215:policy/lambda_dynamodb_policy",
            "description": "Policy for Lambda function to access DynamoDB",
            "id": "arn:aws:iam::706535466215:policy/lambda_dynamodb_policy",
            "name": "lambda_dynamodb_policy",
            "name_prefix": "",
            "path": "/",
            "policy": "{\"Statement\":[{\"Action\":[\"dynamodb:GetItem\",\"dynamodb:Scan\",\"dynamodb:PutItem\"],\"Effect\":\"Allow\",\"Resource\":\"arn:aws:dynamodb:us-east-2:706535466215:table/quizzes\"}],\"Version\":\"2012-10-17\"}",
            "policy_id": "ANPA2JAGLUTTXEFPPN57K",
            "tags": {},
            "tags_all": {}
          },
          "sensitive_attributes": [],
          "private": "bnVsbA=="
        }
      ]
    },
    {
      "mode": "managed",
      "type": "aws_iam_role",
      "name": "quiz_engine_lf_role",
      "provider": "provider[\"registry.terraform.io/hashicorp/aws\"]",
      "instances": [
        {
          "schema_version": 0,
          "attributes": {
            "arn": "arn:aws:iam::706535466215:role/quiz_engine_lf_role",
            "assume_role_policy": "{\"Statement\":[{\"Action\":\"sts:AssumeRole\",\"Effect\":\"Allow\",\"Principal\":{\"Service\":\"lambda.amazonaws.com\"}}],\"Version\":\"2012-10-17\"}",
            "create_date": "2023-07-11T02:25:14Z",
            "description": "",
            "force_detach_policies": false,
            "id": "quiz_engine_lf_role",
            "inline_policy": [],
            "managed_policy_arns": [],
            "max_session_duration": 3600,
            "name": "quiz_engine_lf_role",
            "name_prefix": "",
            "path": "/",
            "permissions_boundary": null,
            "role_last_used": [
              {
                "last_used_date": "",
                "region": ""
              }
            ],
            "tags": null,
            "tags_all": {},
            "unique_id": "AROA2JAGLUTTVATOFFHXB"
          },
          "sensitive_attributes": [],
          "private": "bnVsbA=="
        }
      ]
    },
    {
      "mode": "managed",
      "type": "aws_iam_role_policy_attachment",
      "name": "cloudwatch_policy_attachement",
      "provider": "provider[\"registry.terraform.io/hashicorp/aws\"]",
      "instances": [
        {
          "schema_version": 0,
          "attributes": {
            "id": "quiz_engine_lf_role-20230711022516730200000001",
            "policy_arn": "arn:aws:iam::aws:policy/CloudWatchLogsFullAccess",
            "role": "quiz_engine_lf_role"
          },
          "sensitive_attributes": [],
          "private": "bnVsbA==",
          "dependencies": [
            "aws_iam_role.quiz_engine_lf_role"
          ]
        }
      ]
    },
    {
      "mode": "managed",
      "type": "aws_iam_role_policy_attachment",
      "name": "lambda_basic_execution_policy",
      "provider": "provider[\"registry.terraform.io/hashicorp/aws\"]",
      "instances": [
        {
          "schema_version": 0,
          "attributes": {
            "id": "quiz_engine_lf_role-20230711022516738100000003",
            "policy_arn": "arn:aws:iam::aws:policy/service-role/AWSLambdaBasicExecutionRole",
            "role": "quiz_engine_lf_role"
          },
          "sensitive_attributes": [],
          "private": "bnVsbA==",
          "dependencies": [
            "aws_iam_role.quiz_engine_lf_role"
          ]
        }
      ]
    },
    {
      "mode": "managed",
      "type": "aws_iam_role_policy_attachment",
      "name": "lambda_dynamodb_policy_attachment",
      "provider": "provider[\"registry.terraform.io/hashicorp/aws\"]",
      "instances": [
        {
          "schema_version": 0,
          "attributes": {
            "id": "quiz_engine_lf_role-20230711022516735600000002",
            "policy_arn": "arn:aws:iam::706535466215:policy/lambda_dynamodb_policy",
            "role": "quiz_engine_lf_role"
          },
          "sensitive_attributes": [],
          "private": "bnVsbA==",
          "dependencies": [
            "aws_iam_policy.lambda_dynamodb_policy",
            "aws_iam_role.quiz_engine_lf_role"
          ]
        }
      ]
    },
    {
      "mode": "managed",
      "type": "aws_lambda_function",
      "name": "quiz_engine_lf",
      "provider": "provider[\"registry.terraform.io/hashicorp/aws\"]",
      "instances": [
        {
          "schema_version": 0,
          "attributes": {
            "architectures": [
              "x86_64"
            ],
            "arn": "arn:aws:lambda:us-east-2:706535466215:function:quiz-engine-lf",
            "code_signing_config_arn": "",
            "dead_letter_config": [],
            "description": "",
            "environment": [
              {
                "variables": {
                  "AWS_LAMBDA_LOGS": "/aws/lambda/quiz-engine-lf",
                  "AWS_LAMBDA_LOGS_PREFIX": "/aws/lambda/quiz-engine-lf",
                  "OPENAI_API_KEY": "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"
                }
              }
            ],
            "ephemeral_storage": [
              {
                "size": 512
              }
            ],
            "file_system_config": [],
            "filename": "request-handler.zip",
            "function_name": "quiz-engine-lf",
            "handler": "handler.lambda_handler",
            "id": "quiz-engine-lf",
            "image_config": [],
            "image_uri": "",
            "invoke_arn": "arn:aws:apigateway:us-east-2:lambda:path/2015-03-31/functions/arn:aws:lambda:us-east-2:706535466215:function:quiz-engine-lf/invocations",
            "kms_key_arn": "",
            "last_modified": "2023-07-11T02:25:32.000+0000",
            "layers": [
              "arn:aws:lambda:us-east-2:706535466215:layer:PythonDependencies:4"
            ],
            "memory_size": 128,
            "package_type": "Zip",
            "publish": false,
            "qualified_arn": "arn:aws:lambda:us-east-2:706535466215:function:quiz-engine-lf:$LATEST",
            "qualified_invoke_arn": "arn:aws:apigateway:us-east-2:lambda:path/2015-03-31/functions/arn:aws:lambda:us-east-2:706535466215:function:quiz-engine-lf:$LATEST/invocations",
            "replace_security_groups_on_destroy": null,
            "replacement_security_group_ids": null,
            "reserved_concurrent_executions": -1,
            "role": "arn:aws:iam::706535466215:role/quiz_engine_lf_role",
            "runtime": "python3.10",
            "s3_bucket": null,
            "s3_key": null,
            "s3_object_version": null,
            "signing_job_arn": "",
            "signing_profile_version_arn": "",
            "skip_destroy": false,
            "snap_start": [],
            "source_code_hash": "bF1IsyVsh63AhqSHoqPlAxiHlfyqPe9A6vohrLjTY+Q=",
            "source_code_size": 4623,
            "tags": {},
            "tags_all": {},
            "timeout": 60,
            "timeouts": null,
            "tracing_config": [
              {
                "mode": "Active"
              }
            ],
            "version": "$LATEST",
            "vpc_config": []
          },
          "sensitive_attributes": [],
          "private": "eyJlMmJmYjczMC1lY2FhLTExZTYtOGY4OC0zNDM2M2JjN2M0YzAiOnsiY3JlYXRlIjo2MDAwMDAwMDAwMDAsImRlbGV0ZSI6NjAwMDAwMDAwMDAwLCJ1cGRhdGUiOjYwMDAwMDAwMDAwMH19",
          "dependencies": [
            "aws_iam_role.quiz_engine_lf_role",
            "aws_lambda_layer_version.python_deps_layer"
          ]
        }
      ]
    },
    {
      "mode": "managed",
      "type": "aws_lambda_layer_version",
      "name": "python_deps_layer",
      "provider": "provider[\"registry.terraform.io/hashicorp/aws\"]",
      "instances": [
        {
          "schema_version": 0,
          "attributes": {
            "arn": "arn:aws:lambda:us-east-2:706535466215:layer:PythonDependencies:4",
            "compatible_architectures": [
              "x86_64"
            ],
            "compatible_runtimes": [
              "python3.10"
            ],
            "created_date": "2023-07-10T05:28:26.342+0000",
            "description": "",
            "filename": "request-handler/python.zip",
            "id": "arn:aws:lambda:us-east-2:706535466215:layer:PythonDependencies:4",
            "layer_arn": "arn:aws:lambda:us-east-2:706535466215:layer:PythonDependencies",
            "layer_name": "PythonDependencies",
            "license_info": "",
            "s3_bucket": null,
            "s3_key": null,
            "s3_object_version": null,
            "signing_job_arn": "",
            "signing_profile_version_arn": "",
            "skip_destroy": false,
            "source_code_hash": "hvznKyvBvXq3X73p9d8br6lZ/grExOz3xall42g120A=",
            "source_code_size": 21571864,
            "version": "4"
          },
          "sensitive_attributes": [],
          "private": "bnVsbA=="
        }
      ]
    }
  ],
  "check_results": null
}
